Microsoft Visual Studio Solution File, Format Version 12.00
# Visual Studio 15
VisualStudioVersion = 15.0.27004.2005
MinimumVisualStudioVersion = 10.0.40219.1
Project("{2150E333-8FDC-42A3-9474-1A3956D46DE8}") = "UptimeManager.Configuration", "UptimeManager.Configuration", "{0F779401-53BF-47A6-8D2D-F955C6C60490}"
EndProject
Project("{9A19103F-16F7-4668-BE54-9A1E7A4F7556}") = "UptimeManager.Configuration", "UptimeManager.Configuration\main\UptimeManager.Configuration.csproj", "{FFC450DD-C82E-4B33-8F1A-C2657D26CBE5}"
EndProject
Project("{9A19103F-16F7-4668-BE54-9A1E7A4F7556}") = "UptimeManager.Configuration.Test", "UptimeManager.Configuration\test\UptimeManager.Configuration.Test.csproj", "{09196BE5-7536-4E02-A5F7-277BEF8C079A}"
EndProject
Project("{2150E333-8FDC-42A3-9474-1A3956D46DE8}") = "UptimeManager.Calendar", "UptimeManager.Calendar", "{EC520E6B-BC94-440C-BF2B-F288A77BE740}"
EndProject
Project("{9A19103F-16F7-4668-BE54-9A1E7A4F7556}") = "UptimeManager.Calendar", "UptimeManager.Calendar\main\UptimeManager.Calendar.csproj", "{CD4B31A5-3345-4AC7-8683-B7839B9DD6D6}"
EndProject
Project("{2150E333-8FDC-42A3-9474-1A3956D46DE8}") = "UptimeManager.Client.Powershell", "UptimeManager.Client.Powershell", "{8C3CBF8A-F675-4CCB-A072-2B6FD946B08F}"
EndProject
Project("{9A19103F-16F7-4668-BE54-9A1E7A4F7556}") = "UptimeManager.Client.Powershell", "UptimeManager.Client.Powershell\main\UptimeManager.Client.Powershell.csproj", "{1682A6F2-2E50-40B2-93F0-7910F49EC969}"
EndProject
Project("{2150E333-8FDC-42A3-9474-1A3956D46DE8}") = "UptimeManager.Core", "UptimeManager.Core", "{AC00B9C4-F412-4365-97E3-C96875DE33DF}"
EndProject
Project("{9A19103F-16F7-4668-BE54-9A1E7A4F7556}") = "UptimeManager.Core", "UptimeManager.Core\main\UptimeManager.Core.csproj", "{0E009A8F-DE06-47AB-9F5A-944709D694C3}"
EndProject
Project("{2150E333-8FDC-42A3-9474-1A3956D46DE8}") = "UptimeManager.Daemon", "UptimeManager.Daemon", "{121236E6-8BF0-47E7-BCA6-5C7113510568}"
EndProject
Project("{9A19103F-16F7-4668-BE54-9A1E7A4F7556}") = "UptimeManager.Daemon", "UptimeManager.Daemon\main\UptimeManager.Daemon.csproj", "{933E6F49-8B7F-474B-9A12-68EB1B020DFC}"
EndProject
Global
	GlobalSection(SolutionConfigurationPlatforms) = preSolution
		Debug|Any CPU = Debug|Any CPU
		Debug|x64 = Debug|x64
		Debug|x86 = Debug|x86
		Release|Any CPU = Release|Any CPU
		Release|x64 = Release|x64
		Release|x86 = Release|x86
	EndGlobalSection
	GlobalSection(ProjectConfigurationPlatforms) = postSolution
		{FFC450DD-C82E-4B33-8F1A-C2657D26CBE5}.Debug|Any CPU.ActiveCfg = Debug|Any CPU
		{FFC450DD-C82E-4B33-8F1A-C2657D26CBE5}.Debug|Any CPU.Build.0 = Debug|Any CPU
		{FFC450DD-C82E-4B33-8F1A-C2657D26CBE5}.Debug|x64.ActiveCfg = Debug|Any CPU
		{FFC450DD-C82E-4B33-8F1A-C2657D26CBE5}.Debug|x64.Build.0 = Debug|Any CPU
		{FFC450DD-C82E-4B33-8F1A-C2657D26CBE5}.Debug|x86.ActiveCfg = Debug|Any CPU
		{FFC450DD-C82E-4B33-8F1A-C2657D26CBE5}.Debug|x86.Build.0 = Debug|Any CPU
		{FFC450DD-C82E-4B33-8F1A-C2657D26CBE5}.Release|Any CPU.ActiveCfg = Release|Any CPU
		{FFC450DD-C82E-4B33-8F1A-C2657D26CBE5}.Release|Any CPU.Build.0 = Release|Any CPU
		{FFC450DD-C82E-4B33-8F1A-C2657D26CBE5}.Release|x64.ActiveCfg = Release|Any CPU
		{FFC450DD-C82E-4B33-8F1A-C2657D26CBE5}.Release|x64.Build.0 = Release|Any CPU
		{FFC450DD-C82E-4B33-8F1A-C2657D26CBE5}.Release|x86.ActiveCfg = Release|Any CPU
		{FFC450DD-C82E-4B33-8F1A-C2657D26CBE5}.Release|x86.Build.0 = Release|Any CPU
		{09196BE5-7536-4E02-A5F7-277BEF8C079A}.Debug|Any CPU.ActiveCfg = Debug|Any CPU
		{09196BE5-7536-4E02-A5F7-277BEF8C079A}.Debug|Any CPU.Build.0 = Debug|Any CPU
		{09196BE5-7536-4E02-A5F7-277BEF8C079A}.Debug|x64.ActiveCfg = Debug|Any CPU
		{09196BE5-7536-4E02-A5F7-277BEF8C079A}.Debug|x64.Build.0 = Debug|Any CPU
		{09196BE5-7536-4E02-A5F7-277BEF8C079A}.Debug|x86.ActiveCfg = Debug|Any CPU
		{09196BE5-7536-4E02-A5F7-277BEF8C079A}.Debug|x86.Build.0 = Debug|Any CPU
		{09196BE5-7536-4E02-A5F7-277BEF8C079A}.Release|Any CPU.ActiveCfg = Release|Any CPU
		{09196BE5-7536-4E02-A5F7-277BEF8C079A}.Release|Any CPU.Build.0 = Release|Any CPU
		{09196BE5-7536-4E02-A5F7-277BEF8C079A}.Release|x64.ActiveCfg = Release|Any CPU
		{09196BE5-7536-4E02-A5F7-277BEF8C079A}.Release|x64.Build.0 = Release|Any CPU
		{09196BE5-7536-4E02-A5F7-277BEF8C079A}.Release|x86.ActiveCfg = Release|Any CPU
		{09196BE5-7536-4E02-A5F7-277BEF8C079A}.Release|x86.Build.0 = Release|Any CPU
		{CD4B31A5-3345-4AC7-8683-B7839B9DD6D6}.Debug|Any CPU.ActiveCfg = Debug|Any CPU
		{CD4B31A5-3345-4AC7-8683-B7839B9DD6D6}.Debug|Any CPU.Build.0 = Debug|Any CPU
		{CD4B31A5-3345-4AC7-8683-B7839B9DD6D6}.Debug|x64.ActiveCfg = Debug|Any CPU
		{CD4B31A5-3345-4AC7-8683-B7839B9DD6D6}.Debug|x64.Build.0 = Debug|Any CPU
		{CD4B31A5-3345-4AC7-8683-B7839B9DD6D6}.Debug|x86.ActiveCfg = Debug|Any CPU
		{CD4B31A5-3345-4AC7-8683-B7839B9DD6D6}.Debug|x86.Build.0 = Debug|Any CPU
		{CD4B31A5-3345-4AC7-8683-B7839B9DD6D6}.Release|Any CPU.ActiveCfg = Release|Any CPU
		{CD4B31A5-3345-4AC7-8683-B7839B9DD6D6}.Release|Any CPU.Build.0 = Release|Any CPU
		{CD4B31A5-3345-4AC7-8683-B7839B9DD6D6}.Release|x64.ActiveCfg = Release|Any CPU
		{CD4B31A5-3345-4AC7-8683-B7839B9DD6D6}.Release|x64.Build.0 = Release|Any CPU
		{CD4B31A5-3345-4AC7-8683-B7839B9DD6D6}.Release|x86.ActiveCfg = Release|Any CPU
		{CD4B31A5-3345-4AC7-8683-B7839B9DD6D6}.Release|x86.Build.0 = Release|Any CPU
		{1682A6F2-2E50-40B2-93F0-7910F49EC969}.Debug|Any CPU.ActiveCfg = Debug|Any CPU
		{1682A6F2-2E50-40B2-93F0-7910F49EC969}.Debug|Any CPU.Build.0 = Debug|Any CPU
		{1682A6F2-2E50-40B2-93F0-7910F49EC969}.Debug|x64.ActiveCfg = Debug|Any CPU
		{1682A6F2-2E50-40B2-93F0-7910F49EC969}.Debug|x64.Build.0 = Debug|Any CPU
		{1682A6F2-2E50-40B2-93F0-7910F49EC969}.Debug|x86.ActiveCfg = Debug|Any CPU
		{1682A6F2-2E50-40B2-93F0-7910F49EC969}.Debug|x86.Build.0 = Debug|Any CPU
		{1682A6F2-2E50-40B2-93F0-7910F49EC969}.Release|Any CPU.ActiveCfg = Release|Any CPU
		{1682A6F2-2E50-40B2-93F0-7910F49EC969}.Release|Any CPU.Build.0 = Release|Any CPU
		{1682A6F2-2E50-40B2-93F0-7910F49EC969}.Release|x64.ActiveCfg = Release|Any CPU
		{1682A6F2-2E50-40B2-93F0-7910F49EC969}.Release|x64.Build.0 = Release|Any CPU
		{1682A6F2-2E50-40B2-93F0-7910F49EC969}.Release|x86.ActiveCfg = Release|Any CPU
		{1682A6F2-2E50-40B2-93F0-7910F49EC969}.Release|x86.Build.0 = Release|Any CPU
		{0E009A8F-DE06-47AB-9F5A-944709D694C3}.Debug|Any CPU.ActiveCfg = Debug|Any CPU
		{0E009A8F-DE06-47AB-9F5A-944709D694C3}.Debug|Any CPU.Build.0 = Debug|Any CPU
		{0E009A8F-DE06-47AB-9F5A-944709D694C3}.Debug|x64.ActiveCfg = Debug|Any CPU
		{0E009A8F-DE06-47AB-9F5A-944709D694C3}.Debug|x64.Build.0 = Debug|Any CPU
		{0E009A8F-DE06-47AB-9F5A-944709D694C3}.Debug|x86.ActiveCfg = Debug|Any CPU
		{0E009A8F-DE06-47AB-9F5A-944709D694C3}.Debug|x86.Build.0 = Debug|Any CPU
		{0E009A8F-DE06-47AB-9F5A-944709D694C3}.Release|Any CPU.ActiveCfg = Release|Any CPU
		{0E009A8F-DE06-47AB-9F5A-944709D694C3}.Release|Any CPU.Build.0 = Release|Any CPU
		{0E009A8F-DE06-47AB-9F5A-944709D694C3}.Release|x64.ActiveCfg = Release|Any CPU
		{0E009A8F-DE06-47AB-9F5A-944709D694C3}.Release|x64.Build.0 = Release|Any CPU
		{0E009A8F-DE06-47AB-9F5A-944709D694C3}.Release|x86.ActiveCfg = Release|Any CPU
		{0E009A8F-DE06-47AB-9F5A-944709D694C3}.Release|x86.Build.0 = Release|Any CPU
		{933E6F49-8B7F-474B-9A12-68EB1B020DFC}.Debug|Any CPU.ActiveCfg = Debug|Any CPU
		{933E6F49-8B7F-474B-9A12-68EB1B020DFC}.Debug|Any CPU.Build.0 = Debug|Any CPU
		{933E6F49-8B7F-474B-9A12-68EB1B020DFC}.Debug|x64.ActiveCfg = Debug|Any CPU
		{933E6F49-8B7F-474B-9A12-68EB1B020DFC}.Debug|x64.Build.0 = Debug|Any CPU
		{933E6F49-8B7F-474B-9A12-68EB1B020DFC}.Debug|x86.ActiveCfg = Debug|Any CPU
		{933E6F49-8B7F-474B-9A12-68EB1B020DFC}.Debug|x86.Build.0 = Debug|Any CPU
		{933E6F49-8B7F-474B-9A12-68EB1B020DFC}.Release|Any CPU.ActiveCfg = Release|Any CPU
		{933E6F49-8B7F-474B-9A12-68EB1B020DFC}.Release|Any CPU.Build.0 = Release|Any CPU
		{933E6F49-8B7F-474B-9A12-68EB1B020DFC}.Release|x64.ActiveCfg = Release|Any CPU
		{933E6F49-8B7F-474B-9A12-68EB1B020DFC}.Release|x64.Build.0 = Release|Any CPU
		{933E6F49-8B7F-474B-9A12-68EB1B020DFC}.Release|x86.ActiveCfg = Release|Any CPU
		{933E6F49-8B7F-474B-9A12-68EB1B020DFC}.Release|x86.Build.0 = Release|Any CPU
	EndGlobalSection
	GlobalSection(SolutionProperties) = preSolution
		HideSolutionNode = FALSE
	EndGlobalSection
	GlobalSection(NestedProjects) = preSolution
		{FFC450DD-C82E-4B33-8F1A-C2657D26CBE5} = {0F779401-53BF-47A6-8D2D-F955C6C60490}
		{09196BE5-7536-4E02-A5F7-277BEF8C079A} = {0F779401-53BF-47A6-8D2D-F955C6C60490}
		{CD4B31A5-3345-4AC7-8683-B7839B9DD6D6} = {EC520E6B-BC94-440C-BF2B-F288A77BE740}
		{1682A6F2-2E50-40B2-93F0-7910F49EC969} = {8C3CBF8A-F675-4CCB-A072-2B6FD946B08F}
		{0E009A8F-DE06-47AB-9F5A-944709D694C3} = {AC00B9C4-F412-4365-97E3-C96875DE33DF}
		{933E6F49-8B7F-474B-9A12-68EB1B020DFC} = {121236E6-8BF0-47E7-BCA6-5C7113510568}
	EndGlobalSection
	GlobalSection(ExtensibilityGlobals) = postSolution
		SolutionGuid = {553DE726-4013-46CC-A672-25C5D2B2D385}
	EndGlobalSection
EndGlobal
