Microsoft Visual Studio Solution File, Format Version 12.00
# Visual Studio 15
VisualStudioVersion = 15.0.27004.2005
MinimumVisualStudioVersion = 10.0.40219.1
Project("{9A19103F-16F7-4668-BE54-9A1E7A4F7556}") = "UptimeManager.Configuration", "UptimeManager.Configuration\UptimeManager.Configuration.csproj", "{FFC450DD-C82E-4B33-8F1A-C2657D26CBE5}"
EndProject
Project("{9A19103F-16F7-4668-BE54-9A1E7A4F7556}") = "UptimeManager.Configuration.Test", "UptimeManager.Configuration.Test\UptimeManager.Configuration.Test.csproj", "{09196BE5-7536-4E02-A5F7-277BEF8C079A}"
EndProject
Project("{9A19103F-16F7-4668-BE54-9A1E7A4F7556}") = "UptimeManager.Calendar", "UptimeManager.Calendar\UptimeManager.Calendar.csproj", "{CD4B31A5-3345-4AC7-8683-B7839B9DD6D6}"
EndProject
Project("{9A19103F-16F7-4668-BE54-9A1E7A4F7556}") = "UptimeManager.Client.Powershell", "UptimeManager.Client.Powershell\UptimeManager.Client.Powershell.csproj", "{1682A6F2-2E50-40B2-93F0-7910F49EC969}"
EndProject
Project("{9A19103F-16F7-4668-BE54-9A1E7A4F7556}") = "UptimeManager.Core", "UptimeManager.Core\UptimeManager.Core.csproj", "{0E009A8F-DE06-47AB-9F5A-944709D694C3}"
EndProject
Project("{9A19103F-16F7-4668-BE54-9A1E7A4F7556}") = "UptimeManager.Daemon", "UptimeManager.Daemon\UptimeManager.Daemon.csproj", "{933E6F49-8B7F-474B-9A12-68EB1B020DFC}"
EndProject
Project("{9A19103F-16F7-4668-BE54-9A1E7A4F7556}") = "UptimeManager.Calendar.Test", "UptimeManager.Calendar.Test\UptimeManager.Calendar.Test.csproj", "{A3410566-FC8A-43A6-B57A-0B7D369058C3}"
EndProject
Project("{9A19103F-16F7-4668-BE54-9A1E7A4F7556}") = "UptimeManager.Client.Powershell.Test", "UptimeManager.Client.Powershell.Test\UptimeManager.Client.Powershell.Test.csproj", "{609A0791-597D-499B-B969-88966B0BD341}"
EndProject
Project("{9A19103F-16F7-4668-BE54-9A1E7A4F7556}") = "UptimeManager.Core.Test", "UptimeManager.Core.Test\UptimeManager.Core.Test.csproj", "{36033597-75DD-4F3E-8FD6-36EC07B703A4}"
EndProject
Project("{9A19103F-16F7-4668-BE54-9A1E7A4F7556}") = "UptimeManager.Daemon.Test", "UptimeManager.Daemon.Test\UptimeManager.Daemon.Test.csproj", "{44E27779-8443-4FE0-BD81-D91196246A82}"
EndProject
Project("{2150E333-8FDC-42A3-9474-1A3956D46DE8}") = "Solution Items", "Solution Items", "{D968EB2A-CA8D-4818-89F4-EE3D5248A84D}"
	ProjectSection(SolutionItems) = preProject
		.editorconfig = .editorconfig
	EndProjectSection
EndProject
Global
	GlobalSection(SolutionConfigurationPlatforms) = preSolution
		Debug|Any CPU = Debug|Any CPU
		Debug|x64 = Debug|x64
		Debug|x86 = Debug|x86
		Release|Any CPU = Release|Any CPU
		Release|x64 = Release|x64
		Release|x86 = Release|x86
	EndGlobalSection
	GlobalSection(ProjectConfigurationPlatforms) = postSolution
		{FFC450DD-C82E-4B33-8F1A-C2657D26CBE5}.Debug|Any CPU.ActiveCfg = Debug|Any CPU
		{FFC450DD-C82E-4B33-8F1A-C2657D26CBE5}.Debug|Any CPU.Build.0 = Debug|Any CPU
		{FFC450DD-C82E-4B33-8F1A-C2657D26CBE5}.Debug|x64.ActiveCfg = Debug|Any CPU
		{FFC450DD-C82E-4B33-8F1A-C2657D26CBE5}.Debug|x64.Build.0 = Debug|Any CPU
		{FFC450DD-C82E-4B33-8F1A-C2657D26CBE5}.Debug|x86.ActiveCfg = Debug|Any CPU
		{FFC450DD-C82E-4B33-8F1A-C2657D26CBE5}.Debug|x86.Build.0 = Debug|Any CPU
		{FFC450DD-C82E-4B33-8F1A-C2657D26CBE5}.Release|Any CPU.ActiveCfg = Release|Any CPU
		{FFC450DD-C82E-4B33-8F1A-C2657D26CBE5}.Release|Any CPU.Build.0 = Release|Any CPU
		{FFC450DD-C82E-4B33-8F1A-C2657D26CBE5}.Release|x64.ActiveCfg = Release|Any CPU
		{FFC450DD-C82E-4B33-8F1A-C2657D26CBE5}.Release|x64.Build.0 = Release|Any CPU
		{FFC450DD-C82E-4B33-8F1A-C2657D26CBE5}.Release|x86.ActiveCfg = Release|Any CPU
		{FFC450DD-C82E-4B33-8F1A-C2657D26CBE5}.Release|x86.Build.0 = Release|Any CPU
		{09196BE5-7536-4E02-A5F7-277BEF8C079A}.Debug|Any CPU.ActiveCfg = Debug|Any CPU
		{09196BE5-7536-4E02-A5F7-277BEF8C079A}.Debug|Any CPU.Build.0 = Debug|Any CPU
		{09196BE5-7536-4E02-A5F7-277BEF8C079A}.Debug|x64.ActiveCfg = Debug|Any CPU
		{09196BE5-7536-4E02-A5F7-277BEF8C079A}.Debug|x64.Build.0 = Debug|Any CPU
		{09196BE5-7536-4E02-A5F7-277BEF8C079A}.Debug|x86.ActiveCfg = Debug|Any CPU
		{09196BE5-7536-4E02-A5F7-277BEF8C079A}.Debug|x86.Build.0 = Debug|Any CPU
		{09196BE5-7536-4E02-A5F7-277BEF8C079A}.Release|Any CPU.ActiveCfg = Release|Any CPU
		{09196BE5-7536-4E02-A5F7-277BEF8C079A}.Release|Any CPU.Build.0 = Release|Any CPU
		{09196BE5-7536-4E02-A5F7-277BEF8C079A}.Release|x64.ActiveCfg = Release|Any CPU
		{09196BE5-7536-4E02-A5F7-277BEF8C079A}.Release|x64.Build.0 = Release|Any CPU
		{09196BE5-7536-4E02-A5F7-277BEF8C079A}.Release|x86.ActiveCfg = Release|Any CPU
		{09196BE5-7536-4E02-A5F7-277BEF8C079A}.Release|x86.Build.0 = Release|Any CPU
		{CD4B31A5-3345-4AC7-8683-B7839B9DD6D6}.Debug|Any CPU.ActiveCfg = Debug|Any CPU
		{CD4B31A5-3345-4AC7-8683-B7839B9DD6D6}.Debug|Any CPU.Build.0 = Debug|Any CPU
		{CD4B31A5-3345-4AC7-8683-B7839B9DD6D6}.Debug|x64.ActiveCfg = Debug|Any CPU
		{CD4B31A5-3345-4AC7-8683-B7839B9DD6D6}.Debug|x64.Build.0 = Debug|Any CPU
		{CD4B31A5-3345-4AC7-8683-B7839B9DD6D6}.Debug|x86.ActiveCfg = Debug|Any CPU
		{CD4B31A5-3345-4AC7-8683-B7839B9DD6D6}.Debug|x86.Build.0 = Debug|Any CPU
		{CD4B31A5-3345-4AC7-8683-B7839B9DD6D6}.Release|Any CPU.ActiveCfg = Release|Any CPU
		{CD4B31A5-3345-4AC7-8683-B7839B9DD6D6}.Release|Any CPU.Build.0 = Release|Any CPU
		{CD4B31A5-3345-4AC7-8683-B7839B9DD6D6}.Release|x64.ActiveCfg = Release|Any CPU
		{CD4B31A5-3345-4AC7-8683-B7839B9DD6D6}.Release|x64.Build.0 = Release|Any CPU
		{CD4B31A5-3345-4AC7-8683-B7839B9DD6D6}.Release|x86.ActiveCfg = Release|Any CPU
		{CD4B31A5-3345-4AC7-8683-B7839B9DD6D6}.Release|x86.Build.0 = Release|Any CPU
		{1682A6F2-2E50-40B2-93F0-7910F49EC969}.Debug|Any CPU.ActiveCfg = Debug|Any CPU
		{1682A6F2-2E50-40B2-93F0-7910F49EC969}.Debug|Any CPU.Build.0 = Debug|Any CPU
		{1682A6F2-2E50-40B2-93F0-7910F49EC969}.Debug|x64.ActiveCfg = Debug|Any CPU
		{1682A6F2-2E50-40B2-93F0-7910F49EC969}.Debug|x64.Build.0 = Debug|Any CPU
		{1682A6F2-2E50-40B2-93F0-7910F49EC969}.Debug|x86.ActiveCfg = Debug|Any CPU
		{1682A6F2-2E50-40B2-93F0-7910F49EC969}.Debug|x86.Build.0 = Debug|Any CPU
		{1682A6F2-2E50-40B2-93F0-7910F49EC969}.Release|Any CPU.ActiveCfg = Release|Any CPU
		{1682A6F2-2E50-40B2-93F0-7910F49EC969}.Release|Any CPU.Build.0 = Release|Any CPU
		{1682A6F2-2E50-40B2-93F0-7910F49EC969}.Release|x64.ActiveCfg = Release|Any CPU
		{1682A6F2-2E50-40B2-93F0-7910F49EC969}.Release|x64.Build.0 = Release|Any CPU
		{1682A6F2-2E50-40B2-93F0-7910F49EC969}.Release|x86.ActiveCfg = Release|Any CPU
		{1682A6F2-2E50-40B2-93F0-7910F49EC969}.Release|x86.Build.0 = Release|Any CPU
		{0E009A8F-DE06-47AB-9F5A-944709D694C3}.Debug|Any CPU.ActiveCfg = Debug|Any CPU
		{0E009A8F-DE06-47AB-9F5A-944709D694C3}.Debug|Any CPU.Build.0 = Debug|Any CPU
		{0E009A8F-DE06-47AB-9F5A-944709D694C3}.Debug|x64.ActiveCfg = Debug|Any CPU
		{0E009A8F-DE06-47AB-9F5A-944709D694C3}.Debug|x64.Build.0 = Debug|Any CPU
		{0E009A8F-DE06-47AB-9F5A-944709D694C3}.Debug|x86.ActiveCfg = Debug|Any CPU
		{0E009A8F-DE06-47AB-9F5A-944709D694C3}.Debug|x86.Build.0 = Debug|Any CPU
		{0E009A8F-DE06-47AB-9F5A-944709D694C3}.Release|Any CPU.ActiveCfg = Release|Any CPU
		{0E009A8F-DE06-47AB-9F5A-944709D694C3}.Release|Any CPU.Build.0 = Release|Any CPU
		{0E009A8F-DE06-47AB-9F5A-944709D694C3}.Release|x64.ActiveCfg = Release|Any CPU
		{0E009A8F-DE06-47AB-9F5A-944709D694C3}.Release|x64.Build.0 = Release|Any CPU
		{0E009A8F-DE06-47AB-9F5A-944709D694C3}.Release|x86.ActiveCfg = Release|Any CPU
		{0E009A8F-DE06-47AB-9F5A-944709D694C3}.Release|x86.Build.0 = Release|Any CPU
		{933E6F49-8B7F-474B-9A12-68EB1B020DFC}.Debug|Any CPU.ActiveCfg = Debug|Any CPU
		{933E6F49-8B7F-474B-9A12-68EB1B020DFC}.Debug|Any CPU.Build.0 = Debug|Any CPU
		{933E6F49-8B7F-474B-9A12-68EB1B020DFC}.Debug|x64.ActiveCfg = Debug|Any CPU
		{933E6F49-8B7F-474B-9A12-68EB1B020DFC}.Debug|x64.Build.0 = Debug|Any CPU
		{933E6F49-8B7F-474B-9A12-68EB1B020DFC}.Debug|x86.ActiveCfg = Debug|Any CPU
		{933E6F49-8B7F-474B-9A12-68EB1B020DFC}.Debug|x86.Build.0 = Debug|Any CPU
		{933E6F49-8B7F-474B-9A12-68EB1B020DFC}.Release|Any CPU.ActiveCfg = Release|Any CPU
		{933E6F49-8B7F-474B-9A12-68EB1B020DFC}.Release|Any CPU.Build.0 = Release|Any CPU
		{933E6F49-8B7F-474B-9A12-68EB1B020DFC}.Release|x64.ActiveCfg = Release|Any CPU
		{933E6F49-8B7F-474B-9A12-68EB1B020DFC}.Release|x64.Build.0 = Release|Any CPU
		{933E6F49-8B7F-474B-9A12-68EB1B020DFC}.Release|x86.ActiveCfg = Release|Any CPU
		{933E6F49-8B7F-474B-9A12-68EB1B020DFC}.Release|x86.Build.0 = Release|Any CPU
		{A3410566-FC8A-43A6-B57A-0B7D369058C3}.Debug|Any CPU.ActiveCfg = Debug|Any CPU
		{A3410566-FC8A-43A6-B57A-0B7D369058C3}.Debug|Any CPU.Build.0 = Debug|Any CPU
		{A3410566-FC8A-43A6-B57A-0B7D369058C3}.Debug|x64.ActiveCfg = Debug|Any CPU
		{A3410566-FC8A-43A6-B57A-0B7D369058C3}.Debug|x64.Build.0 = Debug|Any CPU
		{A3410566-FC8A-43A6-B57A-0B7D369058C3}.Debug|x86.ActiveCfg = Debug|Any CPU
		{A3410566-FC8A-43A6-B57A-0B7D369058C3}.Debug|x86.Build.0 = Debug|Any CPU
		{A3410566-FC8A-43A6-B57A-0B7D369058C3}.Release|Any CPU.ActiveCfg = Release|Any CPU
		{A3410566-FC8A-43A6-B57A-0B7D369058C3}.Release|Any CPU.Build.0 = Release|Any CPU
		{A3410566-FC8A-43A6-B57A-0B7D369058C3}.Release|x64.ActiveCfg = Release|Any CPU
		{A3410566-FC8A-43A6-B57A-0B7D369058C3}.Release|x64.Build.0 = Release|Any CPU
		{A3410566-FC8A-43A6-B57A-0B7D369058C3}.Release|x86.ActiveCfg = Release|Any CPU
		{A3410566-FC8A-43A6-B57A-0B7D369058C3}.Release|x86.Build.0 = Release|Any CPU
		{609A0791-597D-499B-B969-88966B0BD341}.Debug|Any CPU.ActiveCfg = Debug|Any CPU
		{609A0791-597D-499B-B969-88966B0BD341}.Debug|Any CPU.Build.0 = Debug|Any CPU
		{609A0791-597D-499B-B969-88966B0BD341}.Debug|x64.ActiveCfg = Debug|Any CPU
		{609A0791-597D-499B-B969-88966B0BD341}.Debug|x64.Build.0 = Debug|Any CPU
		{609A0791-597D-499B-B969-88966B0BD341}.Debug|x86.ActiveCfg = Debug|Any CPU
		{609A0791-597D-499B-B969-88966B0BD341}.Debug|x86.Build.0 = Debug|Any CPU
		{609A0791-597D-499B-B969-88966B0BD341}.Release|Any CPU.ActiveCfg = Release|Any CPU
		{609A0791-597D-499B-B969-88966B0BD341}.Release|Any CPU.Build.0 = Release|Any CPU
		{609A0791-597D-499B-B969-88966B0BD341}.Release|x64.ActiveCfg = Release|Any CPU
		{609A0791-597D-499B-B969-88966B0BD341}.Release|x64.Build.0 = Release|Any CPU
		{609A0791-597D-499B-B969-88966B0BD341}.Release|x86.ActiveCfg = Release|Any CPU
		{609A0791-597D-499B-B969-88966B0BD341}.Release|x86.Build.0 = Release|Any CPU
		{36033597-75DD-4F3E-8FD6-36EC07B703A4}.Debug|Any CPU.ActiveCfg = Debug|Any CPU
		{36033597-75DD-4F3E-8FD6-36EC07B703A4}.Debug|Any CPU.Build.0 = Debug|Any CPU
		{36033597-75DD-4F3E-8FD6-36EC07B703A4}.Debug|x64.ActiveCfg = Debug|Any CPU
		{36033597-75DD-4F3E-8FD6-36EC07B703A4}.Debug|x64.Build.0 = Debug|Any CPU
		{36033597-75DD-4F3E-8FD6-36EC07B703A4}.Debug|x86.ActiveCfg = Debug|Any CPU
		{36033597-75DD-4F3E-8FD6-36EC07B703A4}.Debug|x86.Build.0 = Debug|Any CPU
		{36033597-75DD-4F3E-8FD6-36EC07B703A4}.Release|Any CPU.ActiveCfg = Release|Any CPU
		{36033597-75DD-4F3E-8FD6-36EC07B703A4}.Release|Any CPU.Build.0 = Release|Any CPU
		{36033597-75DD-4F3E-8FD6-36EC07B703A4}.Release|x64.ActiveCfg = Release|Any CPU
		{36033597-75DD-4F3E-8FD6-36EC07B703A4}.Release|x64.Build.0 = Release|Any CPU
		{36033597-75DD-4F3E-8FD6-36EC07B703A4}.Release|x86.ActiveCfg = Release|Any CPU
		{36033597-75DD-4F3E-8FD6-36EC07B703A4}.Release|x86.Build.0 = Release|Any CPU
		{44E27779-8443-4FE0-BD81-D91196246A82}.Debug|Any CPU.ActiveCfg = Debug|Any CPU
		{44E27779-8443-4FE0-BD81-D91196246A82}.Debug|Any CPU.Build.0 = Debug|Any CPU
		{44E27779-8443-4FE0-BD81-D91196246A82}.Debug|x64.ActiveCfg = Debug|Any CPU
		{44E27779-8443-4FE0-BD81-D91196246A82}.Debug|x64.Build.0 = Debug|Any CPU
		{44E27779-8443-4FE0-BD81-D91196246A82}.Debug|x86.ActiveCfg = Debug|Any CPU
		{44E27779-8443-4FE0-BD81-D91196246A82}.Debug|x86.Build.0 = Debug|Any CPU
		{44E27779-8443-4FE0-BD81-D91196246A82}.Release|Any CPU.ActiveCfg = Release|Any CPU
		{44E27779-8443-4FE0-BD81-D91196246A82}.Release|Any CPU.Build.0 = Release|Any CPU
		{44E27779-8443-4FE0-BD81-D91196246A82}.Release|x64.ActiveCfg = Release|Any CPU
		{44E27779-8443-4FE0-BD81-D91196246A82}.Release|x64.Build.0 = Release|Any CPU
		{44E27779-8443-4FE0-BD81-D91196246A82}.Release|x86.ActiveCfg = Release|Any CPU
		{44E27779-8443-4FE0-BD81-D91196246A82}.Release|x86.Build.0 = Release|Any CPU
	EndGlobalSection
	GlobalSection(SolutionProperties) = preSolution
		HideSolutionNode = FALSE
	EndGlobalSection
	GlobalSection(ExtensibilityGlobals) = postSolution
		SolutionGuid = {553DE726-4013-46CC-A672-25C5D2B2D385}
	EndGlobalSection
EndGlobal
