Microsoft Visual Studio Solution File, Format Version 12.00
# Visual Studio 15
VisualStudioVersion = 15.0.26228.10
MinimumVisualStudioVersion = 10.0.40219.1
Project("{2150E333-8FDC-42A3-9474-1A3956D46DE8}") = "UptimeManager.Calendar", "UptimeManager.Calendar", "{06CB497A-BA2D-40F5-9081-56544706AA87}"
EndProject
Project("{FAE04EC0-301F-11D3-BF4B-00C04F79EFBC}") = "UptimeManager.Calendar", "UptimeManager.Calendar\main\UptimeManager.Calendar.csproj", "{0BE956C2-2D0C-4002-BFBA-EEDF128E1C19}"
EndProject
Project("{FAE04EC0-301F-11D3-BF4B-00C04F79EFBC}") = "UptimeManager.Calendar.Test", "UptimeManager.Calendar\test\UptimeManager.Calendar.Test.csproj", "{81F54C43-85C4-4206-A290-B25A2D3759F5}"
EndProject
Project("{2150E333-8FDC-42A3-9474-1A3956D46DE8}") = "UptimeManager.Client.Powershell", "UptimeManager.Client.Powershell", "{06A63E1F-CECB-4D6F-89A1-F5CA654E232E}"
EndProject
Project("{FAE04EC0-301F-11D3-BF4B-00C04F79EFBC}") = "UptimeManager.Client.Powershell", "UptimeManager.Client.Powershell\main\UptimeManager.Client.Powershell.csproj", "{AFE73887-50BC-4630-B105-3E6DEE641B09}"
EndProject
Project("{FAE04EC0-301F-11D3-BF4B-00C04F79EFBC}") = "UptimeManager.Client.Powershell.Test", "UptimeManager.Client.Powershell\test\UptimeManager.Client.Powershell.Test.csproj", "{D8A0D472-283D-47AF-9D2A-85EC2CFDFB31}"
EndProject
Project("{2150E333-8FDC-42A3-9474-1A3956D46DE8}") = "UptimeManager.Configuration", "UptimeManager.Configuration", "{2365A002-61B5-4E02-A832-775F0A8A07DF}"
EndProject
Project("{FAE04EC0-301F-11D3-BF4B-00C04F79EFBC}") = "UptimeManager.Configuration", "UptimeManager.Configuration\main\UptimeManager.Configuration.csproj", "{1F1F97B5-A387-4F94-8A96-22D38F78FF9D}"
EndProject
Project("{FAE04EC0-301F-11D3-BF4B-00C04F79EFBC}") = "UptimeManager.Configuration.Test", "UptimeManager.Configuration\test\UptimeManager.Configuration.Test.csproj", "{93720EDB-72ED-4AC4-89C8-A259D76544AF}"
EndProject
Project("{2150E333-8FDC-42A3-9474-1A3956D46DE8}") = "UptimeManager.Core", "UptimeManager.Core", "{AF8F4B4D-3229-4770-B77D-5B82DECF3F46}"
EndProject
Project("{FAE04EC0-301F-11D3-BF4B-00C04F79EFBC}") = "UptimeManager.Core", "UptimeManager.Core\main\UptimeManager.Core.csproj", "{4F0AFC11-3C32-46C7-A4F4-C452E43A3F3E}"
EndProject
Project("{FAE04EC0-301F-11D3-BF4B-00C04F79EFBC}") = "UptimeManager.Core.Test", "UptimeManager.Core\test\UptimeManager.Core.Test.csproj", "{FF82403C-D47E-4B5F-93A3-DC7F62320F57}"
EndProject
Project("{2150E333-8FDC-42A3-9474-1A3956D46DE8}") = "UptimeManager.Daemon", "UptimeManager.Daemon", "{270B0FED-8A28-4842-B790-8FC0A2EA675B}"
EndProject
Project("{FAE04EC0-301F-11D3-BF4B-00C04F79EFBC}") = "UptimeManager.Daemon", "UptimeManager.Daemon\main\UptimeManager.Daemon.csproj", "{256CB02C-23AC-4AB4-9B09-DCD91DB89188}"
EndProject
Project("{FAE04EC0-301F-11D3-BF4B-00C04F79EFBC}") = "UptimeManager.Daemon.Test", "UptimeManager.Daemon\test\UptimeManager.Daemon.Test.csproj", "{7E008F7A-3D2C-41E5-A34D-623A897BA68E}"
EndProject
Global
	GlobalSection(SolutionConfigurationPlatforms) = preSolution
		Debug|Any CPU = Debug|Any CPU
		Debug|x64 = Debug|x64
		Debug|x86 = Debug|x86
		Release|Any CPU = Release|Any CPU
		Release|x64 = Release|x64
		Release|x86 = Release|x86
	EndGlobalSection
	GlobalSection(ProjectConfigurationPlatforms) = postSolution
		{0BE956C2-2D0C-4002-BFBA-EEDF128E1C19}.Debug|Any CPU.ActiveCfg = Debug|Any CPU
		{0BE956C2-2D0C-4002-BFBA-EEDF128E1C19}.Debug|Any CPU.Build.0 = Debug|Any CPU
		{0BE956C2-2D0C-4002-BFBA-EEDF128E1C19}.Debug|x64.ActiveCfg = Debug|Any CPU
		{0BE956C2-2D0C-4002-BFBA-EEDF128E1C19}.Debug|x64.Build.0 = Debug|Any CPU
		{0BE956C2-2D0C-4002-BFBA-EEDF128E1C19}.Debug|x86.ActiveCfg = Debug|Any CPU
		{0BE956C2-2D0C-4002-BFBA-EEDF128E1C19}.Debug|x86.Build.0 = Debug|Any CPU
		{0BE956C2-2D0C-4002-BFBA-EEDF128E1C19}.Release|Any CPU.ActiveCfg = Release|Any CPU
		{0BE956C2-2D0C-4002-BFBA-EEDF128E1C19}.Release|Any CPU.Build.0 = Release|Any CPU
		{0BE956C2-2D0C-4002-BFBA-EEDF128E1C19}.Release|x64.ActiveCfg = Release|Any CPU
		{0BE956C2-2D0C-4002-BFBA-EEDF128E1C19}.Release|x64.Build.0 = Release|Any CPU
		{0BE956C2-2D0C-4002-BFBA-EEDF128E1C19}.Release|x86.ActiveCfg = Release|Any CPU
		{0BE956C2-2D0C-4002-BFBA-EEDF128E1C19}.Release|x86.Build.0 = Release|Any CPU
		{81F54C43-85C4-4206-A290-B25A2D3759F5}.Debug|Any CPU.ActiveCfg = Debug|Any CPU
		{81F54C43-85C4-4206-A290-B25A2D3759F5}.Debug|Any CPU.Build.0 = Debug|Any CPU
		{81F54C43-85C4-4206-A290-B25A2D3759F5}.Debug|x64.ActiveCfg = Debug|Any CPU
		{81F54C43-85C4-4206-A290-B25A2D3759F5}.Debug|x64.Build.0 = Debug|Any CPU
		{81F54C43-85C4-4206-A290-B25A2D3759F5}.Debug|x86.ActiveCfg = Debug|Any CPU
		{81F54C43-85C4-4206-A290-B25A2D3759F5}.Debug|x86.Build.0 = Debug|Any CPU
		{81F54C43-85C4-4206-A290-B25A2D3759F5}.Release|Any CPU.ActiveCfg = Release|Any CPU
		{81F54C43-85C4-4206-A290-B25A2D3759F5}.Release|Any CPU.Build.0 = Release|Any CPU
		{81F54C43-85C4-4206-A290-B25A2D3759F5}.Release|x64.ActiveCfg = Release|Any CPU
		{81F54C43-85C4-4206-A290-B25A2D3759F5}.Release|x64.Build.0 = Release|Any CPU
		{81F54C43-85C4-4206-A290-B25A2D3759F5}.Release|x86.ActiveCfg = Release|Any CPU
		{81F54C43-85C4-4206-A290-B25A2D3759F5}.Release|x86.Build.0 = Release|Any CPU
		{AFE73887-50BC-4630-B105-3E6DEE641B09}.Debug|Any CPU.ActiveCfg = Debug|Any CPU
		{AFE73887-50BC-4630-B105-3E6DEE641B09}.Debug|Any CPU.Build.0 = Debug|Any CPU
		{AFE73887-50BC-4630-B105-3E6DEE641B09}.Debug|x64.ActiveCfg = Debug|Any CPU
		{AFE73887-50BC-4630-B105-3E6DEE641B09}.Debug|x64.Build.0 = Debug|Any CPU
		{AFE73887-50BC-4630-B105-3E6DEE641B09}.Debug|x86.ActiveCfg = Debug|Any CPU
		{AFE73887-50BC-4630-B105-3E6DEE641B09}.Debug|x86.Build.0 = Debug|Any CPU
		{AFE73887-50BC-4630-B105-3E6DEE641B09}.Release|Any CPU.ActiveCfg = Release|Any CPU
		{AFE73887-50BC-4630-B105-3E6DEE641B09}.Release|Any CPU.Build.0 = Release|Any CPU
		{AFE73887-50BC-4630-B105-3E6DEE641B09}.Release|x64.ActiveCfg = Release|Any CPU
		{AFE73887-50BC-4630-B105-3E6DEE641B09}.Release|x64.Build.0 = Release|Any CPU
		{AFE73887-50BC-4630-B105-3E6DEE641B09}.Release|x86.ActiveCfg = Release|Any CPU
		{AFE73887-50BC-4630-B105-3E6DEE641B09}.Release|x86.Build.0 = Release|Any CPU
		{D8A0D472-283D-47AF-9D2A-85EC2CFDFB31}.Debug|Any CPU.ActiveCfg = Debug|Any CPU
		{D8A0D472-283D-47AF-9D2A-85EC2CFDFB31}.Debug|Any CPU.Build.0 = Debug|Any CPU
		{D8A0D472-283D-47AF-9D2A-85EC2CFDFB31}.Debug|x64.ActiveCfg = Debug|Any CPU
		{D8A0D472-283D-47AF-9D2A-85EC2CFDFB31}.Debug|x64.Build.0 = Debug|Any CPU
		{D8A0D472-283D-47AF-9D2A-85EC2CFDFB31}.Debug|x86.ActiveCfg = Debug|Any CPU
		{D8A0D472-283D-47AF-9D2A-85EC2CFDFB31}.Debug|x86.Build.0 = Debug|Any CPU
		{D8A0D472-283D-47AF-9D2A-85EC2CFDFB31}.Release|Any CPU.ActiveCfg = Release|Any CPU
		{D8A0D472-283D-47AF-9D2A-85EC2CFDFB31}.Release|Any CPU.Build.0 = Release|Any CPU
		{D8A0D472-283D-47AF-9D2A-85EC2CFDFB31}.Release|x64.ActiveCfg = Release|Any CPU
		{D8A0D472-283D-47AF-9D2A-85EC2CFDFB31}.Release|x64.Build.0 = Release|Any CPU
		{D8A0D472-283D-47AF-9D2A-85EC2CFDFB31}.Release|x86.ActiveCfg = Release|Any CPU
		{D8A0D472-283D-47AF-9D2A-85EC2CFDFB31}.Release|x86.Build.0 = Release|Any CPU
		{1F1F97B5-A387-4F94-8A96-22D38F78FF9D}.Debug|Any CPU.ActiveCfg = Debug|Any CPU
		{1F1F97B5-A387-4F94-8A96-22D38F78FF9D}.Debug|Any CPU.Build.0 = Debug|Any CPU
		{1F1F97B5-A387-4F94-8A96-22D38F78FF9D}.Debug|x64.ActiveCfg = Debug|Any CPU
		{1F1F97B5-A387-4F94-8A96-22D38F78FF9D}.Debug|x64.Build.0 = Debug|Any CPU
		{1F1F97B5-A387-4F94-8A96-22D38F78FF9D}.Debug|x86.ActiveCfg = Debug|Any CPU
		{1F1F97B5-A387-4F94-8A96-22D38F78FF9D}.Debug|x86.Build.0 = Debug|Any CPU
		{1F1F97B5-A387-4F94-8A96-22D38F78FF9D}.Release|Any CPU.ActiveCfg = Release|Any CPU
		{1F1F97B5-A387-4F94-8A96-22D38F78FF9D}.Release|Any CPU.Build.0 = Release|Any CPU
		{1F1F97B5-A387-4F94-8A96-22D38F78FF9D}.Release|x64.ActiveCfg = Release|Any CPU
		{1F1F97B5-A387-4F94-8A96-22D38F78FF9D}.Release|x64.Build.0 = Release|Any CPU
		{1F1F97B5-A387-4F94-8A96-22D38F78FF9D}.Release|x86.ActiveCfg = Release|Any CPU
		{1F1F97B5-A387-4F94-8A96-22D38F78FF9D}.Release|x86.Build.0 = Release|Any CPU
		{93720EDB-72ED-4AC4-89C8-A259D76544AF}.Debug|Any CPU.ActiveCfg = Debug|Any CPU
		{93720EDB-72ED-4AC4-89C8-A259D76544AF}.Debug|Any CPU.Build.0 = Debug|Any CPU
		{93720EDB-72ED-4AC4-89C8-A259D76544AF}.Debug|x64.ActiveCfg = Debug|Any CPU
		{93720EDB-72ED-4AC4-89C8-A259D76544AF}.Debug|x64.Build.0 = Debug|Any CPU
		{93720EDB-72ED-4AC4-89C8-A259D76544AF}.Debug|x86.ActiveCfg = Debug|Any CPU
		{93720EDB-72ED-4AC4-89C8-A259D76544AF}.Debug|x86.Build.0 = Debug|Any CPU
		{93720EDB-72ED-4AC4-89C8-A259D76544AF}.Release|Any CPU.ActiveCfg = Release|Any CPU
		{93720EDB-72ED-4AC4-89C8-A259D76544AF}.Release|Any CPU.Build.0 = Release|Any CPU
		{93720EDB-72ED-4AC4-89C8-A259D76544AF}.Release|x64.ActiveCfg = Release|Any CPU
		{93720EDB-72ED-4AC4-89C8-A259D76544AF}.Release|x64.Build.0 = Release|Any CPU
		{93720EDB-72ED-4AC4-89C8-A259D76544AF}.Release|x86.ActiveCfg = Release|Any CPU
		{93720EDB-72ED-4AC4-89C8-A259D76544AF}.Release|x86.Build.0 = Release|Any CPU
		{4F0AFC11-3C32-46C7-A4F4-C452E43A3F3E}.Debug|Any CPU.ActiveCfg = Debug|Any CPU
		{4F0AFC11-3C32-46C7-A4F4-C452E43A3F3E}.Debug|Any CPU.Build.0 = Debug|Any CPU
		{4F0AFC11-3C32-46C7-A4F4-C452E43A3F3E}.Debug|x64.ActiveCfg = Debug|Any CPU
		{4F0AFC11-3C32-46C7-A4F4-C452E43A3F3E}.Debug|x64.Build.0 = Debug|Any CPU
		{4F0AFC11-3C32-46C7-A4F4-C452E43A3F3E}.Debug|x86.ActiveCfg = Debug|Any CPU
		{4F0AFC11-3C32-46C7-A4F4-C452E43A3F3E}.Debug|x86.Build.0 = Debug|Any CPU
		{4F0AFC11-3C32-46C7-A4F4-C452E43A3F3E}.Release|Any CPU.ActiveCfg = Release|Any CPU
		{4F0AFC11-3C32-46C7-A4F4-C452E43A3F3E}.Release|Any CPU.Build.0 = Release|Any CPU
		{4F0AFC11-3C32-46C7-A4F4-C452E43A3F3E}.Release|x64.ActiveCfg = Release|Any CPU
		{4F0AFC11-3C32-46C7-A4F4-C452E43A3F3E}.Release|x64.Build.0 = Release|Any CPU
		{4F0AFC11-3C32-46C7-A4F4-C452E43A3F3E}.Release|x86.ActiveCfg = Release|Any CPU
		{4F0AFC11-3C32-46C7-A4F4-C452E43A3F3E}.Release|x86.Build.0 = Release|Any CPU
		{FF82403C-D47E-4B5F-93A3-DC7F62320F57}.Debug|Any CPU.ActiveCfg = Debug|Any CPU
		{FF82403C-D47E-4B5F-93A3-DC7F62320F57}.Debug|Any CPU.Build.0 = Debug|Any CPU
		{FF82403C-D47E-4B5F-93A3-DC7F62320F57}.Debug|x64.ActiveCfg = Debug|Any CPU
		{FF82403C-D47E-4B5F-93A3-DC7F62320F57}.Debug|x64.Build.0 = Debug|Any CPU
		{FF82403C-D47E-4B5F-93A3-DC7F62320F57}.Debug|x86.ActiveCfg = Debug|Any CPU
		{FF82403C-D47E-4B5F-93A3-DC7F62320F57}.Debug|x86.Build.0 = Debug|Any CPU
		{FF82403C-D47E-4B5F-93A3-DC7F62320F57}.Release|Any CPU.ActiveCfg = Release|Any CPU
		{FF82403C-D47E-4B5F-93A3-DC7F62320F57}.Release|Any CPU.Build.0 = Release|Any CPU
		{FF82403C-D47E-4B5F-93A3-DC7F62320F57}.Release|x64.ActiveCfg = Release|Any CPU
		{FF82403C-D47E-4B5F-93A3-DC7F62320F57}.Release|x64.Build.0 = Release|Any CPU
		{FF82403C-D47E-4B5F-93A3-DC7F62320F57}.Release|x86.ActiveCfg = Release|Any CPU
		{FF82403C-D47E-4B5F-93A3-DC7F62320F57}.Release|x86.Build.0 = Release|Any CPU
		{256CB02C-23AC-4AB4-9B09-DCD91DB89188}.Debug|Any CPU.ActiveCfg = Debug|Any CPU
		{256CB02C-23AC-4AB4-9B09-DCD91DB89188}.Debug|Any CPU.Build.0 = Debug|Any CPU
		{256CB02C-23AC-4AB4-9B09-DCD91DB89188}.Debug|x64.ActiveCfg = Debug|Any CPU
		{256CB02C-23AC-4AB4-9B09-DCD91DB89188}.Debug|x64.Build.0 = Debug|Any CPU
		{256CB02C-23AC-4AB4-9B09-DCD91DB89188}.Debug|x86.ActiveCfg = Debug|Any CPU
		{256CB02C-23AC-4AB4-9B09-DCD91DB89188}.Debug|x86.Build.0 = Debug|Any CPU
		{256CB02C-23AC-4AB4-9B09-DCD91DB89188}.Release|Any CPU.ActiveCfg = Release|Any CPU
		{256CB02C-23AC-4AB4-9B09-DCD91DB89188}.Release|Any CPU.Build.0 = Release|Any CPU
		{256CB02C-23AC-4AB4-9B09-DCD91DB89188}.Release|x64.ActiveCfg = Release|Any CPU
		{256CB02C-23AC-4AB4-9B09-DCD91DB89188}.Release|x64.Build.0 = Release|Any CPU
		{256CB02C-23AC-4AB4-9B09-DCD91DB89188}.Release|x86.ActiveCfg = Release|Any CPU
		{256CB02C-23AC-4AB4-9B09-DCD91DB89188}.Release|x86.Build.0 = Release|Any CPU
		{7E008F7A-3D2C-41E5-A34D-623A897BA68E}.Debug|Any CPU.ActiveCfg = Debug|Any CPU
		{7E008F7A-3D2C-41E5-A34D-623A897BA68E}.Debug|Any CPU.Build.0 = Debug|Any CPU
		{7E008F7A-3D2C-41E5-A34D-623A897BA68E}.Debug|x64.ActiveCfg = Debug|Any CPU
		{7E008F7A-3D2C-41E5-A34D-623A897BA68E}.Debug|x64.Build.0 = Debug|Any CPU
		{7E008F7A-3D2C-41E5-A34D-623A897BA68E}.Debug|x86.ActiveCfg = Debug|Any CPU
		{7E008F7A-3D2C-41E5-A34D-623A897BA68E}.Debug|x86.Build.0 = Debug|Any CPU
		{7E008F7A-3D2C-41E5-A34D-623A897BA68E}.Release|Any CPU.ActiveCfg = Release|Any CPU
		{7E008F7A-3D2C-41E5-A34D-623A897BA68E}.Release|Any CPU.Build.0 = Release|Any CPU
		{7E008F7A-3D2C-41E5-A34D-623A897BA68E}.Release|x64.ActiveCfg = Release|Any CPU
		{7E008F7A-3D2C-41E5-A34D-623A897BA68E}.Release|x64.Build.0 = Release|Any CPU
		{7E008F7A-3D2C-41E5-A34D-623A897BA68E}.Release|x86.ActiveCfg = Release|Any CPU
		{7E008F7A-3D2C-41E5-A34D-623A897BA68E}.Release|x86.Build.0 = Release|Any CPU
	EndGlobalSection
	GlobalSection(SolutionProperties) = preSolution
		HideSolutionNode = FALSE
	EndGlobalSection
	GlobalSection(NestedProjects) = preSolution
		{0BE956C2-2D0C-4002-BFBA-EEDF128E1C19} = {06CB497A-BA2D-40F5-9081-56544706AA87}
		{81F54C43-85C4-4206-A290-B25A2D3759F5} = {06CB497A-BA2D-40F5-9081-56544706AA87}
		{AFE73887-50BC-4630-B105-3E6DEE641B09} = {06A63E1F-CECB-4D6F-89A1-F5CA654E232E}
		{D8A0D472-283D-47AF-9D2A-85EC2CFDFB31} = {06A63E1F-CECB-4D6F-89A1-F5CA654E232E}
		{1F1F97B5-A387-4F94-8A96-22D38F78FF9D} = {2365A002-61B5-4E02-A832-775F0A8A07DF}
		{93720EDB-72ED-4AC4-89C8-A259D76544AF} = {2365A002-61B5-4E02-A832-775F0A8A07DF}
		{4F0AFC11-3C32-46C7-A4F4-C452E43A3F3E} = {AF8F4B4D-3229-4770-B77D-5B82DECF3F46}
		{FF82403C-D47E-4B5F-93A3-DC7F62320F57} = {AF8F4B4D-3229-4770-B77D-5B82DECF3F46}
		{256CB02C-23AC-4AB4-9B09-DCD91DB89188} = {270B0FED-8A28-4842-B790-8FC0A2EA675B}
		{7E008F7A-3D2C-41E5-A34D-623A897BA68E} = {270B0FED-8A28-4842-B790-8FC0A2EA675B}
	EndGlobalSection
EndGlobal
